
Microsoft Visual Studio Solution File, Format Version 12.00
# Visual Studio Version 16
VisualStudioVersion = 16.0.31702.278
MinimumVisualStudioVersion = 10.0.40219.1
Project("{FAE04EC0-301F-11D3-BF4B-00C04F79EFBC}") = "Diplom", "Diplom\Diplom.csproj", "{1B4CADB2-B36F-4E1C-A630-6EAE2064E95B}"
EndProject
Global
	GlobalSection(SolutionConfigurationPlatforms) = preSolution
		Debug|Any CPU = Debug|Any CPU
		Release|Any CPU = Release|Any CPU
	EndGlobalSection
	GlobalSection(ProjectConfigurationPlatforms) = postSolution
		{1B4CADB2-B36F-4E1C-A630-6EAE2064E95B}.Debug|Any CPU.ActiveCfg = Debug|Any CPU
		{1B4CADB2-B36F-4E1C-A630-6EAE2064E95B}.Debug|Any CPU.Build.0 = Debug|Any CPU
		{1B4CADB2-B36F-4E1C-A630-6EAE2064E95B}.Release|Any CPU.ActiveCfg = Release|Any CPU
		{1B4CADB2-B36F-4E1C-A630-6EAE2064E95B}.Release|Any CPU.Build.0 = Release|Any CPU
	EndGlobalSection
	GlobalSection(SolutionProperties) = preSolution
		HideSolutionNode = FALSE
	EndGlobalSection
	GlobalSection(ExtensibilityGlobals) = postSolution
		SolutionGuid = {53D91AAB-8564-4177-A098-B722A1EF7B45}
	EndGlobalSection
EndGlobal
